
Microsoft Visual Studio Solution File, Format Version 12.00
# Visual Studio Version 16
VisualStudioVersion = 16.0.31129.286
MinimumVisualStudioVersion = 10.0.40219.1
Project("{FAE04EC0-301F-11D3-BF4B-00C04F79EFBC}") = "API-Filmes", "API-Filmes\API-Filmes.csproj", "{BDE953CF-3F51-4918-957D-DCA9BCBB2EA1}"
EndProject
Global
	GlobalSection(SolutionConfigurationPlatforms) = preSolution
		Debug|Any CPU = Debug|Any CPU
		Release|Any CPU = Release|Any CPU
	EndGlobalSection
	GlobalSection(ProjectConfigurationPlatforms) = postSolution
		{BDE953CF-3F51-4918-957D-DCA9BCBB2EA1}.Debug|Any CPU.ActiveCfg = Debug|Any CPU
		{BDE953CF-3F51-4918-957D-DCA9BCBB2EA1}.Debug|Any CPU.Build.0 = Debug|Any CPU
		{BDE953CF-3F51-4918-957D-DCA9BCBB2EA1}.Release|Any CPU.ActiveCfg = Release|Any CPU
		{BDE953CF-3F51-4918-957D-DCA9BCBB2EA1}.Release|Any CPU.Build.0 = Release|Any CPU
	EndGlobalSection
	GlobalSection(SolutionProperties) = preSolution
		HideSolutionNode = FALSE
	EndGlobalSection
	GlobalSection(ExtensibilityGlobals) = postSolution
		SolutionGuid = {19263BDC-7DAB-4058-96BA-83EDC811D306}
	EndGlobalSection
EndGlobal
